
Microsoft Visual Studio Solution File, Format Version 12.00
# Visual Studio Version 17
VisualStudioVersion = 17.5.002.0
MinimumVisualStudioVersion = 10.0.40219.1
Project("{9A19103F-16F7-4668-BE54-9A1E7A4F7556}") = "ExamplePlugin", "ExamplePlugin.csproj", "{059A6AA7-B57A-4D0C-A8F4-F5446446C6E9}"
EndProject
Global
	GlobalSection(SolutionConfigurationPlatforms) = preSolution
		Debug|Any CPU = Debug|Any CPU
		Release|Any CPU = Release|Any CPU
	EndGlobalSection
	GlobalSection(ProjectConfigurationPlatforms) = postSolution
		{059A6AA7-B57A-4D0C-A8F4-F5446446C6E9}.Debug|Any CPU.ActiveCfg = Debug|Any CPU
		{059A6AA7-B57A-4D0C-A8F4-F5446446C6E9}.Debug|Any CPU.Build.0 = Debug|Any CPU
		{059A6AA7-B57A-4D0C-A8F4-F5446446C6E9}.Release|Any CPU.ActiveCfg = Release|Any CPU
		{059A6AA7-B57A-4D0C-A8F4-F5446446C6E9}.Release|Any CPU.Build.0 = Release|Any CPU
	EndGlobalSection
	GlobalSection(SolutionProperties) = preSolution
		HideSolutionNode = FALSE
	EndGlobalSection
	GlobalSection(ExtensibilityGlobals) = postSolution
		SolutionGuid = {DCD36025-97F6-4C32-A921-CB74BDEF5C1D}
	EndGlobalSection
EndGlobal
